
Microsoft Visual Studio Solution File, Format Version 12.00
# Visual Studio Version 16
VisualStudioVersion = 16.0.29920.165
MinimumVisualStudioVersion = 10.0.40219.1
Project("{FAE04EC0-301F-11D3-BF4B-00C04F79EFBC}") = "Novah", "Novah.csproj", "{14BFF656-6A6B-4D01-BB2A-6C258E22381F}"
EndProject
Global
	GlobalSection(SolutionConfigurationPlatforms) = preSolution
		Debug|Any CPU = Debug|Any CPU
		Release|Any CPU = Release|Any CPU
	EndGlobalSection
	GlobalSection(ProjectConfigurationPlatforms) = postSolution
		{14BFF656-6A6B-4D01-BB2A-6C258E22381F}.Debug|Any CPU.ActiveCfg = Debug|Any CPU
		{14BFF656-6A6B-4D01-BB2A-6C258E22381F}.Debug|Any CPU.Build.0 = Debug|Any CPU
		{14BFF656-6A6B-4D01-BB2A-6C258E22381F}.Release|Any CPU.ActiveCfg = Release|Any CPU
		{14BFF656-6A6B-4D01-BB2A-6C258E22381F}.Release|Any CPU.Build.0 = Release|Any CPU
	EndGlobalSection
	GlobalSection(SolutionProperties) = preSolution
		HideSolutionNode = FALSE
	EndGlobalSection
	GlobalSection(ExtensibilityGlobals) = postSolution
		SolutionGuid = {697A0B0D-3679-41D0-B269-4AC3343F06A9}
	EndGlobalSection
EndGlobal
